// !$*UTF8*$!
{
	archiveVersion = 1;
	classes = {
	};
	objectVersion = 51;
	objects = {

/* Begin PBXBuildFile section */
		134E4F8770365F1BC2757919 /* Pods_FindFalcone.framework in Frameworks */ = {isa = PBXBuildFile; fileRef = D9901F6DEABF02ECCA4EDA15 /* Pods_FindFalcone.framework */; };
		8B66BD5877BD82CBE9E4D011 /* Pods_FindFalcone_FindFalconeTests.framework in Frameworks */ = {isa = PBXBuildFile; fileRef = 111417FDD077A679080B1956 /* Pods_FindFalcone_FindFalconeTests.framework */; };
		91760505246E9B8800C3ABFC /* FalconeAPI.swift in Sources */ = {isa = PBXBuildFile; fileRef = 91760504246E9B8800C3ABFC /* FalconeAPI.swift */; };
		91760508246E9EB700C3ABFC /* Planet.swift in Sources */ = {isa = PBXBuildFile; fileRef = 91760507246E9EB700C3ABFC /* Planet.swift */; };
		9176050A246E9EC200C3ABFC /* Vehicle.swift in Sources */ = {isa = PBXBuildFile; fileRef = 91760509246E9EC200C3ABFC /* Vehicle.swift */; };
		9176050C246E9F7800C3ABFC /* FalconeProvider.swift in Sources */ = {isa = PBXBuildFile; fileRef = 9176050B246E9F7800C3ABFC /* FalconeProvider.swift */; };
		9176050E246EA96700C3ABFC /* DestinationUseCase.swift in Sources */ = {isa = PBXBuildFile; fileRef = 9176050D246EA96700C3ABFC /* DestinationUseCase.swift */; };
		91763492246F621300308B7E /* DestinationViewModel.swift in Sources */ = {isa = PBXBuildFile; fileRef = 91763491246F621300308B7E /* DestinationViewModel.swift */; };
		91763496246F630F00308B7E /* DataStore.swift in Sources */ = {isa = PBXBuildFile; fileRef = 91763495246F630F00308B7E /* DataStore.swift */; };
		91763499246F699E00308B7E /* InitialiseUseCase.swift in Sources */ = {isa = PBXBuildFile; fileRef = 91763498246F699E00308B7E /* InitialiseUseCase.swift */; };
		9176349C246FA44900308B7E /* Destination.swift in Sources */ = {isa = PBXBuildFile; fileRef = 9176349B246FA44900308B7E /* Destination.swift */; };
		917634A0246FE17900308B7E /* Vehicle+Presentation.swift in Sources */ = {isa = PBXBuildFile; fileRef = 9176349F246FE17900308B7E /* Vehicle+Presentation.swift */; };
		91F888BA246E96A100D603D7 /* AppDelegate.swift in Sources */ = {isa = PBXBuildFile; fileRef = 91F888B9246E96A100D603D7 /* AppDelegate.swift */; };
		91F888BE246E96A100D603D7 /* DestinationViewController.swift in Sources */ = {isa = PBXBuildFile; fileRef = 91F888BD246E96A100D603D7 /* DestinationViewController.swift */; };
		91F888C1246E96A100D603D7 /* Destination.storyboard in Resources */ = {isa = PBXBuildFile; fileRef = 91F888BF246E96A100D603D7 /* Destination.storyboard */; };
		91F888C3246E96A200D603D7 /* Assets.xcassets in Resources */ = {isa = PBXBuildFile; fileRef = 91F888C2246E96A200D603D7 /* Assets.xcassets */; };
		91F888C6246E96A200D603D7 /* LaunchScreen.storyboard in Resources */ = {isa = PBXBuildFile; fileRef = 91F888C4246E96A200D603D7 /* LaunchScreen.storyboard */; };
		91F888D1246E96A200D603D7 /* FindFalconeTests.swift in Sources */ = {isa = PBXBuildFile; fileRef = 91F888D0246E96A200D603D7 /* FindFalconeTests.swift */; };
/* End PBXBuildFile section */

/* Begin PBXContainerItemProxy section */
		91F888CD246E96A200D603D7 /* PBXContainerItemProxy */ = {
			isa = PBXContainerItemProxy;
			containerPortal = 91F888AE246E96A100D603D7 /* Project object */;
			proxyType = 1;
			remoteGlobalIDString = 91F888B5246E96A100D603D7;
			remoteInfo = FindFalcone;
		};
/* End PBXContainerItemProxy section */

/* Begin PBXFileReference section */
		111417FDD077A679080B1956 /* Pods_FindFalcone_FindFalconeTests.framework */ = {isa = PBXFileReference; explicitFileType = wrapper.framework; includeInIndex = 0; path = Pods_FindFalcone_FindFalconeTests.framework; sourceTree = BUILT_PRODUCTS_DIR; };
		147EADDF42F2B7CBC7584440 /* Pods-FindFalcone.debug.xcconfig */ = {isa = PBXFileReference; includeInIndex = 1; lastKnownFileType = text.xcconfig; name = "Pods-FindFalcone.debug.xcconfig"; path = "Target Support Files/Pods-FindFalcone/Pods-FindFalcone.debug.xcconfig"; sourceTree = "<group>"; };
		91760504246E9B8800C3ABFC /* FalconeAPI.swift */ = {isa = PBXFileReference; lastKnownFileType = sourcecode.swift; path = FalconeAPI.swift; sourceTree = "<group>"; };
		91760507246E9EB700C3ABFC /* Planet.swift */ = {isa = PBXFileReference; lastKnownFileType = sourcecode.swift; path = Planet.swift; sourceTree = "<group>"; };
		91760509246E9EC200C3ABFC /* Vehicle.swift */ = {isa = PBXFileReference; lastKnownFileType = sourcecode.swift; path = Vehicle.swift; sourceTree = "<group>"; };
		9176050B246E9F7800C3ABFC /* FalconeProvider.swift */ = {isa = PBXFileReference; lastKnownFileType = sourcecode.swift; path = FalconeProvider.swift; sourceTree = "<group>"; };
		9176050D246EA96700C3ABFC /* DestinationUseCase.swift */ = {isa = PBXFileReference; lastKnownFileType = sourcecode.swift; path = DestinationUseCase.swift; sourceTree = "<group>"; };
		9176050F246EB1CB00C3ABFC /* en */ = {isa = PBXFileReference; lastKnownFileType = file.storyboard; name = en; path = en.lproj/Destination.storyboard; sourceTree = "<group>"; };
		91763491246F621300308B7E /* DestinationViewModel.swift */ = {isa = PBXFileReference; lastKnownFileType = sourcecode.swift; path = DestinationViewModel.swift; sourceTree = "<group>"; };
		91763495246F630F00308B7E /* DataStore.swift */ = {isa = PBXFileReference; lastKnownFileType = sourcecode.swift; path = DataStore.swift; sourceTree = "<group>"; };
		91763498246F699E00308B7E /* InitialiseUseCase.swift */ = {isa = PBXFileReference; lastKnownFileType = sourcecode.swift; path = InitialiseUseCase.swift; sourceTree = "<group>"; };
		9176349B246FA44900308B7E /* Destination.swift */ = {isa = PBXFileReference; lastKnownFileType = sourcecode.swift; path = Destination.swift; sourceTree = "<group>"; };
		9176349F246FE17900308B7E /* Vehicle+Presentation.swift */ = {isa = PBXFileReference; lastKnownFileType = sourcecode.swift; path = "Vehicle+Presentation.swift"; sourceTree = "<group>"; };
		91F888B6246E96A100D603D7 /* FindFalcone.app */ = {isa = PBXFileReference; explicitFileType = wrapper.application; includeInIndex = 0; path = FindFalcone.app; sourceTree = BUILT_PRODUCTS_DIR; };
		91F888B9246E96A100D603D7 /* AppDelegate.swift */ = {isa = PBXFileReference; lastKnownFileType = sourcecode.swift; path = AppDelegate.swift; sourceTree = "<group>"; };
		91F888BD246E96A100D603D7 /* DestinationViewController.swift */ = {isa = PBXFileReference; lastKnownFileType = sourcecode.swift; path = DestinationViewController.swift; sourceTree = "<group>"; };
		91F888C2246E96A200D603D7 /* Assets.xcassets */ = {isa = PBXFileReference; lastKnownFileType = folder.assetcatalog; path = Assets.xcassets; sourceTree = "<group>"; };
		91F888C5246E96A200D603D7 /* Base */ = {isa = PBXFileReference; lastKnownFileType = file.storyboard; name = Base; path = Base.lproj/LaunchScreen.storyboard; sourceTree = "<group>"; };
		91F888C7246E96A200D603D7 /* Info.plist */ = {isa = PBXFileReference; lastKnownFileType = text.plist.xml; path = Info.plist; sourceTree = "<group>"; };
		91F888CC246E96A200D603D7 /* FindFalconeTests.xctest */ = {isa = PBXFileReference; explicitFileType = wrapper.cfbundle; includeInIndex = 0; path = FindFalconeTests.xctest; sourceTree = BUILT_PRODUCTS_DIR; };
		91F888D0246E96A200D603D7 /* FindFalconeTests.swift */ = {isa = PBXFileReference; lastKnownFileType = sourcecode.swift; path = FindFalconeTests.swift; sourceTree = "<group>"; };
		91F888D2246E96A200D603D7 /* Info.plist */ = {isa = PBXFileReference; lastKnownFileType = text.plist.xml; path = Info.plist; sourceTree = "<group>"; };
		D596EE912791218E54DF0A31 /* Pods-FindFalcone-FindFalconeTests.debug.xcconfig */ = {isa = PBXFileReference; includeInIndex = 1; lastKnownFileType = text.xcconfig; name = "Pods-FindFalcone-FindFalconeTests.debug.xcconfig"; path = "Target Support Files/Pods-FindFalcone-FindFalconeTests/Pods-FindFalcone-FindFalconeTests.debug.xcconfig"; sourceTree = "<group>"; };
		D9901F6DEABF02ECCA4EDA15 /* Pods_FindFalcone.framework */ = {isa = PBXFileReference; explicitFileType = wrapper.framework; includeInIndex = 0; path = Pods_FindFalcone.framework; sourceTree = BUILT_PRODUCTS_DIR; };
		DB4DB3DDCD14ABCBCE5DC9DA /* Pods-FindFalcone.release.xcconfig */ = {isa = PBXFileReference; includeInIndex = 1; lastKnownFileType = text.xcconfig; name = "Pods-FindFalcone.release.xcconfig"; path = "Target Support Files/Pods-FindFalcone/Pods-FindFalcone.release.xcconfig"; sourceTree = "<group>"; };
		E9E1636268DE4390F6E2B165 /* Pods-FindFalcone-FindFalconeTests.release.xcconfig */ = {isa = PBXFileReference; includeInIndex = 1; lastKnownFileType = text.xcconfig; name = "Pods-FindFalcone-FindFalconeTests.release.xcconfig"; path = "Target Support Files/Pods-FindFalcone-FindFalconeTests/Pods-FindFalcone-FindFalconeTests.release.xcconfig"; sourceTree = "<group>"; };
/* End PBXFileReference section */

/* Begin PBXFrameworksBuildPhase section */
		91F888B3246E96A100D603D7 /* Frameworks */ = {
			isa = PBXFrameworksBuildPhase;
			buildActionMask = 2147483647;
			files = (
				134E4F8770365F1BC2757919 /* Pods_FindFalcone.framework in Frameworks */,
			);
			runOnlyForDeploymentPostprocessing = 0;
		};
		91F888C9246E96A200D603D7 /* Frameworks */ = {
			isa = PBXFrameworksBuildPhase;
			buildActionMask = 2147483647;
			files = (
				8B66BD5877BD82CBE9E4D011 /* Pods_FindFalcone_FindFalconeTests.framework in Frameworks */,
			);
			runOnlyForDeploymentPostprocessing = 0;
		};
/* End PBXFrameworksBuildPhase section */

/* Begin PBXGroup section */
		6CC84ED202A4C192EEACC7C5 /* Pods */ = {
			isa = PBXGroup;
			children = (
				147EADDF42F2B7CBC7584440 /* Pods-FindFalcone.debug.xcconfig */,
				DB4DB3DDCD14ABCBCE5DC9DA /* Pods-FindFalcone.release.xcconfig */,
				D596EE912791218E54DF0A31 /* Pods-FindFalcone-FindFalconeTests.debug.xcconfig */,
				E9E1636268DE4390F6E2B165 /* Pods-FindFalcone-FindFalconeTests.release.xcconfig */,
			);
			path = Pods;
			sourceTree = "<group>";
		};
		71497DA1B8F559042AF0A9B7 /* Frameworks */ = {
			isa = PBXGroup;
			children = (
				D9901F6DEABF02ECCA4EDA15 /* Pods_FindFalcone.framework */,
				111417FDD077A679080B1956 /* Pods_FindFalcone_FindFalconeTests.framework */,
			);
			name = Frameworks;
			sourceTree = "<group>";
		};
		917604FF246E9B1800C3ABFC /* Data */ = {
			isa = PBXGroup;
			children = (
				91763497246F631900308B7E /* Networking */,
				91760506246E9EA400C3ABFC /* Model */,
				91763494246F62F500308B7E /* Store */,
			);
			path = Data;
			sourceTree = "<group>";
		};
		91760500246E9B1E00C3ABFC /* Domain */ = {
			isa = PBXGroup;
			children = (
				9176349A246FA44000308B7E /* Model */,
				91763493246F62ED00308B7E /* UseCases */,
			);
			path = Domain;
			sourceTree = "<group>";
		};
		91760501246E9B4700C3ABFC /* Application */ = {
			isa = PBXGroup;
			children = (
				917634A1246FE38600308B7E /* Presentation Extension */,
				91760510246EB82C00C3ABFC /* Destination */,
				91F888B9246E96A100D603D7 /* AppDelegate.swift */,
				91F888C4246E96A200D603D7 /* LaunchScreen.storyboard */,
			);
			path = Application;
			sourceTree = "<group>";
		};
		91760502246E9B5400C3ABFC /* Presentation */ = {
			isa = PBXGroup;
			children = (
			);
			path = Presentation;
			sourceTree = "<group>";
		};
		91760503246E9B5D00C3ABFC /* Utilities */ = {
			isa = PBXGroup;
			children = (
			);
			path = Utilities;
			sourceTree = "<group>";
		};
		91760506246E9EA400C3ABFC /* Model */ = {
			isa = PBXGroup;
			children = (
				91760507246E9EB700C3ABFC /* Planet.swift */,
				91760509246E9EC200C3ABFC /* Vehicle.swift */,
			);
			path = Model;
			sourceTree = "<group>";
		};
		91760510246EB82C00C3ABFC /* Destination */ = {
			isa = PBXGroup;
			children = (
				91F888BF246E96A100D603D7 /* Destination.storyboard */,
				91F888BD246E96A100D603D7 /* DestinationViewController.swift */,
				91763491246F621300308B7E /* DestinationViewModel.swift */,
			);
			path = Destination;
			sourceTree = "<group>";
		};
		91763493246F62ED00308B7E /* UseCases */ = {
			isa = PBXGroup;
			children = (
				9176050D246EA96700C3ABFC /* DestinationUseCase.swift */,
				91763498246F699E00308B7E /* InitialiseUseCase.swift */,
			);
			path = UseCases;
			sourceTree = "<group>";
		};
		91763494246F62F500308B7E /* Store */ = {
			isa = PBXGroup;
			children = (
				91763495246F630F00308B7E /* DataStore.swift */,
			);
			path = Store;
			sourceTree = "<group>";
		};
		91763497246F631900308B7E /* Networking */ = {
			isa = PBXGroup;
			children = (
				91760504246E9B8800C3ABFC /* FalconeAPI.swift */,
				9176050B246E9F7800C3ABFC /* FalconeProvider.swift */,
			);
			path = Networking;
			sourceTree = "<group>";
		};
		9176349A246FA44000308B7E /* Model */ = {
			isa = PBXGroup;
			children = (
				9176349B246FA44900308B7E /* Destination.swift */,
			);
			path = Model;
			sourceTree = "<group>";
		};
		917634A1246FE38600308B7E /* Presentation Extension */ = {
			isa = PBXGroup;
			children = (
				9176349F246FE17900308B7E /* Vehicle+Presentation.swift */,
			);
			path = "Presentation Extension";
			sourceTree = "<group>";
		};
		91F888AD246E96A100D603D7 = {
			isa = PBXGroup;
			children = (
				91F888B8246E96A100D603D7 /* FindFalcone */,
				91F888CF246E96A200D603D7 /* FindFalconeTests */,
				91F888B7246E96A100D603D7 /* Products */,
				6CC84ED202A4C192EEACC7C5 /* Pods */,
				71497DA1B8F559042AF0A9B7 /* Frameworks */,
			);
			sourceTree = "<group>";
		};
		91F888B7246E96A100D603D7 /* Products */ = {
			isa = PBXGroup;
			children = (
				91F888B6246E96A100D603D7 /* FindFalcone.app */,
				91F888CC246E96A200D603D7 /* FindFalconeTests.xctest */,
			);
			name = Products;
			sourceTree = "<group>";
		};
		91F888B8246E96A100D603D7 /* FindFalcone */ = {
			isa = PBXGroup;
			children = (
				91F888C7246E96A200D603D7 /* Info.plist */,
				91F888C2246E96A200D603D7 /* Assets.xcassets */,
				91760501246E9B4700C3ABFC /* Application */,
				91760502246E9B5400C3ABFC /* Presentation */,
				91760500246E9B1E00C3ABFC /* Domain */,
				917604FF246E9B1800C3ABFC /* Data */,
				91760503246E9B5D00C3ABFC /* Utilities */,
			);
			path = FindFalcone;
			sourceTree = "<group>";
		};
		91F888CF246E96A200D603D7 /* FindFalconeTests */ = {
			isa = PBXGroup;
			children = (
				91F888D0246E96A200D603D7 /* FindFalconeTests.swift */,
				91F888D2246E96A200D603D7 /* Info.plist */,
			);
			path = FindFalconeTests;
			sourceTree = "<group>";
		};
/* End PBXGroup section */

/* Begin PBXNativeTarget section */
		91F888B5246E96A100D603D7 /* FindFalcone */ = {
			isa = PBXNativeTarget;
			buildConfigurationList = 91F888D5246E96A200D603D7 /* Build configuration list for PBXNativeTarget "FindFalcone" */;
			buildPhases = (
				6098719C2110696FCE184ECD /* [CP] Check Pods Manifest.lock */,
				91F888B2246E96A100D603D7 /* Sources */,
				91F888B3246E96A100D603D7 /* Frameworks */,
				91F888B4246E96A100D603D7 /* Resources */,
				EAEC36017E889CA4C9E9C578 /* [CP] Embed Pods Frameworks */,
			);
			buildRules = (
			);
			dependencies = (
			);
			name = FindFalcone;
			productName = FindFalcone;
			productReference = 91F888B6246E96A100D603D7 /* FindFalcone.app */;
			productType = "com.apple.product-type.application";
		};
		91F888CB246E96A200D603D7 /* FindFalconeTests */ = {
			isa = PBXNativeTarget;
			buildConfigurationList = 91F888D8246E96A200D603D7 /* Build configuration list for PBXNativeTarget "FindFalconeTests" */;
			buildPhases = (
				182C57047582396C96C0F54A /* [CP] Check Pods Manifest.lock */,
				91F888C8246E96A200D603D7 /* Sources */,
				91F888C9246E96A200D603D7 /* Frameworks */,
				91F888CA246E96A200D603D7 /* Resources */,
				DF88E4EA0D951A94F0F29BA4 /* [CP] Embed Pods Frameworks */,
			);
			buildRules = (
			);
			dependencies = (
				91F888CE246E96A200D603D7 /* PBXTargetDependency */,
			);
			name = FindFalconeTests;
			productName = FindFalconeTests;
			productReference = 91F888CC246E96A200D603D7 /* FindFalconeTests.xctest */;
			productType = "com.apple.product-type.bundle.unit-test";
		};
/* End PBXNativeTarget section */

/* Begin PBXProject section */
		91F888AE246E96A100D603D7 /* Project object */ = {
			isa = PBXProject;
			attributes = {
				LastSwiftUpdateCheck = 1120;
				LastUpgradeCheck = 1120;
				ORGANIZATIONNAME = "Jacky Li";
				TargetAttributes = {
					91F888B5246E96A100D603D7 = {
						CreatedOnToolsVersion = 11.2.1;
					};
					91F888CB246E96A200D603D7 = {
						CreatedOnToolsVersion = 11.2.1;
						TestTargetID = 91F888B5246E96A100D603D7;
					};
				};
			};
			buildConfigurationList = 91F888B1246E96A100D603D7 /* Build configuration list for PBXProject "FindFalcone" */;
			compatibilityVersion = "Xcode 9.3";
			developmentRegion = en;
			hasScannedForEncodings = 0;
			knownRegions = (
				en,
				Base,
			);
			mainGroup = 91F888AD246E96A100D603D7;
			productRefGroup = 91F888B7246E96A100D603D7 /* Products */;
			projectDirPath = "";
			projectRoot = "";
			targets = (
				91F888B5246E96A100D603D7 /* FindFalcone */,
				91F888CB246E96A200D603D7 /* FindFalconeTests */,
			);
		};
/* End PBXProject section */

/* Begin PBXResourcesBuildPhase section */
		91F888B4246E96A100D603D7 /* Resources */ = {
			isa = PBXResourcesBuildPhase;
			buildActionMask = 2147483647;
			files = (
				91F888C6246E96A200D603D7 /* LaunchScreen.storyboard in Resources */,
				91F888C3246E96A200D603D7 /* Assets.xcassets in Resources */,
				91F888C1246E96A100D603D7 /* Destination.storyboard in Resources */,
			);
			runOnlyForDeploymentPostprocessing = 0;
		};
		91F888CA246E96A200D603D7 /* Resources */ = {
			isa = PBXResourcesBuildPhase;
			buildActionMask = 2147483647;
			files = (
			);
			runOnlyForDeploymentPostprocessing = 0;
		};
/* End PBXResourcesBuildPhase section */

/* Begin PBXShellScriptBuildPhase section */
		182C57047582396C96C0F54A /* [CP] Check Pods Manifest.lock */ = {
			isa = PBXShellScriptBuildPhase;
			buildActionMask = 2147483647;
			files = (
			);
			inputFileListPaths = (
			);
			inputPaths = (
				"${PODS_PODFILE_DIR_PATH}/Podfile.lock",
				"${PODS_ROOT}/Manifest.lock",
			);
			name = "[CP] Check Pods Manifest.lock";
			outputFileListPaths = (
			);
			outputPaths = (
				"$(DERIVED_FILE_DIR)/Pods-FindFalcone-FindFalconeTests-checkManifestLockResult.txt",
			);
			runOnlyForDeploymentPostprocessing = 0;
			shellPath = /bin/sh;
			shellScript = "diff \"${PODS_PODFILE_DIR_PATH}/Podfile.lock\" \"${PODS_ROOT}/Manifest.lock\" > /dev/null\nif [ $? != 0 ] ; then\n    # print error to STDERR\n    echo \"error: The sandbox is not in sync with the Podfile.lock. Run 'pod install' or update your CocoaPods installation.\" >&2\n    exit 1\nfi\n# This output is used by Xcode 'outputs' to avoid re-running this script phase.\necho \"SUCCESS\" > \"${SCRIPT_OUTPUT_FILE_0}\"\n";
			showEnvVarsInLog = 0;
		};
		6098719C2110696FCE184ECD /* [CP] Check Pods Manifest.lock */ = {
			isa = PBXShellScriptBuildPhase;
			buildActionMask = 2147483647;
			files = (
			);
			inputFileListPaths = (
			);
			inputPaths = (
				"${PODS_PODFILE_DIR_PATH}/Podfile.lock",
				"${PODS_ROOT}/Manifest.lock",
			);
			name = "[CP] Check Pods Manifest.lock";
			outputFileListPaths = (
			);
			outputPaths = (
				"$(DERIVED_FILE_DIR)/Pods-FindFalcone-checkManifestLockResult.txt",
			);
			runOnlyForDeploymentPostprocessing = 0;
			shellPath = /bin/sh;
			shellScript = "diff \"${PODS_PODFILE_DIR_PATH}/Podfile.lock\" \"${PODS_ROOT}/Manifest.lock\" > /dev/null\nif [ $? != 0 ] ; then\n    # print error to STDERR\n    echo \"error: The sandbox is not in sync with the Podfile.lock. Run 'pod install' or update your CocoaPods installation.\" >&2\n    exit 1\nfi\n# This output is used by Xcode 'outputs' to avoid re-running this script phase.\necho \"SUCCESS\" > \"${SCRIPT_OUTPUT_FILE_0}\"\n";
			showEnvVarsInLog = 0;
		};
		DF88E4EA0D951A94F0F29BA4 /* [CP] Embed Pods Frameworks */ = {
			isa = PBXShellScriptBuildPhase;
			buildActionMask = 2147483647;
			files = (
			);
			inputFileListPaths = (
				"${PODS_ROOT}/Target Support Files/Pods-FindFalcone-FindFalconeTests/Pods-FindFalcone-FindFalconeTests-frameworks-${CONFIGURATION}-input-files.xcfilelist",
			);
			name = "[CP] Embed Pods Frameworks";
			outputFileListPaths = (
				"${PODS_ROOT}/Target Support Files/Pods-FindFalcone-FindFalconeTests/Pods-FindFalcone-FindFalconeTests-frameworks-${CONFIGURATION}-output-files.xcfilelist",
			);
			runOnlyForDeploymentPostprocessing = 0;
			shellPath = /bin/sh;
			shellScript = "\"${PODS_ROOT}/Target Support Files/Pods-FindFalcone-FindFalconeTests/Pods-FindFalcone-FindFalconeTests-frameworks.sh\"\n";
			showEnvVarsInLog = 0;
		};
		EAEC36017E889CA4C9E9C578 /* [CP] Embed Pods Frameworks */ = {
			isa = PBXShellScriptBuildPhase;
			buildActionMask = 2147483647;
			files = (
			);
			inputFileListPaths = (
				"${PODS_ROOT}/Target Support Files/Pods-FindFalcone/Pods-FindFalcone-frameworks-${CONFIGURATION}-input-files.xcfilelist",
			);
			name = "[CP] Embed Pods Frameworks";
			outputFileListPaths = (
				"${PODS_ROOT}/Target Support Files/Pods-FindFalcone/Pods-FindFalcone-frameworks-${CONFIGURATION}-output-files.xcfilelist",
			);
			runOnlyForDeploymentPostprocessing = 0;
			shellPath = /bin/sh;
			shellScript = "\"${PODS_ROOT}/Target Support Files/Pods-FindFalcone/Pods-FindFalcone-frameworks.sh\"\n";
			showEnvVarsInLog = 0;
		};
/* End PBXShellScriptBuildPhase section */

/* Begin PBXSourcesBuildPhase section */
		91F888B2246E96A100D603D7 /* Sources */ = {
			isa = PBXSourcesBuildPhase;
			buildActionMask = 2147483647;
			files = (
				9176050A246E9EC200C3ABFC /* Vehicle.swift in Sources */,
				91F888BE246E96A100D603D7 /* DestinationViewController.swift in Sources */,
				91763499246F699E00308B7E /* InitialiseUseCase.swift in Sources */,
				91760505246E9B8800C3ABFC /* FalconeAPI.swift in Sources */,
				91763492246F621300308B7E /* DestinationViewModel.swift in Sources */,
				91F888BA246E96A100D603D7 /* AppDelegate.swift in Sources */,
				9176050E246EA96700C3ABFC /* DestinationUseCase.swift in Sources */,
				9176050C246E9F7800C3ABFC /* FalconeProvider.swift in Sources */,
				91763496246F630F00308B7E /* DataStore.swift in Sources */,
				917634A0246FE17900308B7E /* Vehicle+Presentation.swift in Sources */,
				91760508246E9EB700C3ABFC /* Planet.swift in Sources */,
				9176349C246FA44900308B7E /* Destination.swift in Sources */,
			);
			runOnlyForDeploymentPostprocessing = 0;
		};
		91F888C8246E96A200D603D7 /* Sources */ = {
			isa = PBXSourcesBuildPhase;
			buildActionMask = 2147483647;
			files = (
				91F888D1246E96A200D603D7 /* FindFalconeTests.swift in Sources */,
			);
			runOnlyForDeploymentPostprocessing = 0;
		};
/* End PBXSourcesBuildPhase section */

/* Begin PBXTargetDependency section */
		91F888CE246E96A200D603D7 /* PBXTargetDependency */ = {
			isa = PBXTargetDependency;
			target = 91F888B5246E96A100D603D7 /* FindFalcone */;
			targetProxy = 91F888CD246E96A200D603D7 /* PBXContainerItemProxy */;
		};
/* End PBXTargetDependency section */

/* Begin PBXVariantGroup section */
		91F888BF246E96A100D603D7 /* Destination.storyboard */ = {
			isa = PBXVariantGroup;
			children = (
				9176050F246EB1CB00C3ABFC /* en */,
			);
			name = Destination.storyboard;
			sourceTree = "<group>";
		};
		91F888C4246E96A200D603D7 /* LaunchScreen.storyboard */ = {
			isa = PBXVariantGroup;
			children = (
				91F888C5246E96A200D603D7 /* Base */,
			);
			name = LaunchScreen.storyboard;
			sourceTree = "<group>";
		};
/* End PBXVariantGroup section */

/* Begin XCBuildConfiguration section */
		91F888D3246E96A200D603D7 /* Debug */ = {
			isa = XCBuildConfiguration;
			buildSettings = {
				ALWAYS_SEARCH_USER_PATHS = NO;
				CLANG_ANALYZER_NONNULL = YES;
				CLANG_ANALYZER_NUMBER_OBJECT_CONVERSION = YES_AGGRESSIVE;
				CLANG_CXX_LANGUAGE_STANDARD = "gnu++14";
				CLANG_CXX_LIBRARY = "libc++";
				CLANG_ENABLE_MODULES = YES;
				CLANG_ENABLE_OBJC_ARC = YES;
				CLANG_ENABLE_OBJC_WEAK = YES;
				CLANG_WARN_BLOCK_CAPTURE_AUTORELEASING = YES;
				CLANG_WARN_BOOL_CONVERSION = YES;
				CLANG_WARN_COMMA = YES;
				CLANG_WARN_CONSTANT_CONVERSION = YES;
				CLANG_WARN_DEPRECATED_OBJC_IMPLEMENTATIONS = YES;
				CLANG_WARN_DIRECT_OBJC_ISA_USAGE = YES_ERROR;
				CLANG_WARN_DOCUMENTATION_COMMENTS = YES;
				CLANG_WARN_EMPTY_BODY = YES;
				CLANG_WARN_ENUM_CONVERSION = YES;
				CLANG_WARN_INFINITE_RECURSION = YES;
				CLANG_WARN_INT_CONVERSION = YES;
				CLANG_WARN_NON_LITERAL_NULL_CONVERSION = YES;
				CLANG_WARN_OBJC_IMPLICIT_RETAIN_SELF = YES;
				CLANG_WARN_OBJC_LITERAL_CONVERSION = YES;
				CLANG_WARN_OBJC_ROOT_CLASS = YES_ERROR;
				CLANG_WARN_RANGE_LOOP_ANALYSIS = YES;
				CLANG_WARN_STRICT_PROTOTYPES = YES;
				CLANG_WARN_SUSPICIOUS_MOVE = YES;
				CLANG_WARN_UNGUARDED_AVAILABILITY = YES_AGGRESSIVE;
				CLANG_WARN_UNREACHABLE_CODE = YES;
				CLANG_WARN__DUPLICATE_METHOD_MATCH = YES;
				COPY_PHASE_STRIP = NO;
				DEBUG_INFORMATION_FORMAT = dwarf;
				ENABLE_STRICT_OBJC_MSGSEND = YES;
				ENABLE_TESTABILITY = YES;
				GCC_C_LANGUAGE_STANDARD = gnu11;
				GCC_DYNAMIC_NO_PIC = NO;
				GCC_NO_COMMON_BLOCKS = YES;
				GCC_OPTIMIZATION_LEVEL = 0;
				GCC_PREPROCESSOR_DEFINITIONS = (
					"DEBUG=1",
					"$(inherited)",
				);
				GCC_WARN_64_TO_32_BIT_CONVERSION = YES;
				GCC_WARN_ABOUT_RETURN_TYPE = YES_ERROR;
				GCC_WARN_UNDECLARED_SELECTOR = YES;
				GCC_WARN_UNINITIALIZED_AUTOS = YES_AGGRESSIVE;
				GCC_WARN_UNUSED_FUNCTION = YES;
				GCC_WARN_UNUSED_VARIABLE = YES;
				IPHONEOS_DEPLOYMENT_TARGET = 13.2;
				MTL_ENABLE_DEBUG_INFO = INCLUDE_SOURCE;
				MTL_FAST_MATH = YES;
				ONLY_ACTIVE_ARCH = YES;
				SDKROOT = iphoneos;
				SWIFT_ACTIVE_COMPILATION_CONDITIONS = DEBUG;
				SWIFT_OPTIMIZATION_LEVEL = "-Onone";
			};
			name = Debug;
		};
		91F888D4246E96A200D603D7 /* Release */ = {
			isa = XCBuildConfiguration;
			buildSettings = {
				ALWAYS_SEARCH_USER_PATHS = NO;
				CLANG_ANALYZER_NONNULL = YES;
				CLANG_ANALYZER_NUMBER_OBJECT_CONVERSION = YES_AGGRESSIVE;
				CLANG_CXX_LANGUAGE_STANDARD = "gnu++14";
				CLANG_CXX_LIBRARY = "libc++";
				CLANG_ENABLE_MODULES = YES;
				CLANG_ENABLE_OBJC_ARC = YES;
				CLANG_ENABLE_OBJC_WEAK = YES;
				CLANG_WARN_BLOCK_CAPTURE_AUTORELEASING = YES;
				CLANG_WARN_BOOL_CONVERSION = YES;
				CLANG_WARN_COMMA = YES;
				CLANG_WARN_CONSTANT_CONVERSION = YES;
				CLANG_WARN_DEPRECATED_OBJC_IMPLEMENTATIONS = YES;
				CLANG_WARN_DIRECT_OBJC_ISA_USAGE = YES_ERROR;
				CLANG_WARN_DOCUMENTATION_COMMENTS = YES;
				CLANG_WARN_EMPTY_BODY = YES;
				CLANG_WARN_ENUM_CONVERSION = YES;
				CLANG_WARN_INFINITE_RECURSION = YES;
				CLANG_WARN_INT_CONVERSION = YES;
				CLANG_WARN_NON_LITERAL_NULL_CONVERSION = YES;
				CLANG_WARN_OBJC_IMPLICIT_RETAIN_SELF = YES;
				CLANG_WARN_OBJC_LITERAL_CONVERSION = YES;
				CLANG_WARN_OBJC_ROOT_CLASS = YES_ERROR;
				CLANG_WARN_RANGE_LOOP_ANALYSIS = YES;
				CLANG_WARN_STRICT_PROTOTYPES = YES;
				CLANG_WARN_SUSPICIOUS_MOVE = YES;
				CLANG_WARN_UNGUARDED_AVAILABILITY = YES_AGGRESSIVE;
				CLANG_WARN_UNREACHABLE_CODE = YES;
				CLANG_WARN__DUPLICATE_METHOD_MATCH = YES;
				COPY_PHASE_STRIP = NO;
				DEBUG_INFORMATION_FORMAT = "dwarf-with-dsym";
				ENABLE_NS_ASSERTIONS = NO;
				ENABLE_STRICT_OBJC_MSGSEND = YES;
				GCC_C_LANGUAGE_STANDARD = gnu11;
				GCC_NO_COMMON_BLOCKS = YES;
				GCC_WARN_64_TO_32_BIT_CONVERSION = YES;
				GCC_WARN_ABOUT_RETURN_TYPE = YES_ERROR;
				GCC_WARN_UNDECLARED_SELECTOR = YES;
				GCC_WARN_UNINITIALIZED_AUTOS = YES_AGGRESSIVE;
				GCC_WARN_UNUSED_FUNCTION = YES;
				GCC_WARN_UNUSED_VARIABLE = YES;
				IPHONEOS_DEPLOYMENT_TARGET = 13.2;
				MTL_ENABLE_DEBUG_INFO = NO;
				MTL_FAST_MATH = YES;
				SDKROOT = iphoneos;
				SWIFT_COMPILATION_MODE = wholemodule;
				SWIFT_OPTIMIZATION_LEVEL = "-O";
				VALIDATE_PRODUCT = YES;
			};
			name = Release;
		};
		91F888D6246E96A200D603D7 /* Debug */ = {
			isa = XCBuildConfiguration;
			baseConfigurationReference = 147EADDF42F2B7CBC7584440 /* Pods-FindFalcone.debug.xcconfig */;
			buildSettings = {
				ASSETCATALOG_COMPILER_APPICON_NAME = AppIcon;
				CODE_SIGN_STYLE = Automatic;
				DEVELOPMENT_TEAM = SAM3W8FL97;
				INFOPLIST_FILE = FindFalcone/Info.plist;
				LD_RUNPATH_SEARCH_PATHS = (
					"$(inherited)",
					"@executable_path/Frameworks",
				);
				PRODUCT_BUNDLE_IDENTIFIER = sample.FindFalcone;
				PRODUCT_NAME = "$(TARGET_NAME)";
				SWIFT_VERSION = 5.0;
				TARGETED_DEVICE_FAMILY = "1,2";
			};
			name = Debug;
		};
		91F888D7246E96A200D603D7 /* Release */ = {
			isa = XCBuildConfiguration;
			baseConfigurationReference = DB4DB3DDCD14ABCBCE5DC9DA /* Pods-FindFalcone.release.xcconfig */;
			buildSettings = {
				ASSETCATALOG_COMPILER_APPICON_NAME = AppIcon;
				CODE_SIGN_STYLE = Automatic;
				DEVELOPMENT_TEAM = SAM3W8FL97;
				INFOPLIST_FILE = FindFalcone/Info.plist;
				LD_RUNPATH_SEARCH_PATHS = (
					"$(inherited)",
					"@executable_path/Frameworks",
				);
				PRODUCT_BUNDLE_IDENTIFIER = sample.FindFalcone;
				PRODUCT_NAME = "$(TARGET_NAME)";
				SWIFT_VERSION = 5.0;
				TARGETED_DEVICE_FAMILY = "1,2";
			};
			name = Release;
		};
		91F888D9246E96A200D603D7 /* Debug */ = {
			isa = XCBuildConfiguration;
			baseConfigurationReference = D596EE912791218E54DF0A31 /* Pods-FindFalcone-FindFalconeTests.debug.xcconfig */;
			buildSettings = {
				ALWAYS_EMBED_SWIFT_STANDARD_LIBRARIES = YES;
				BUNDLE_LOADER = "$(TEST_HOST)";
				CODE_SIGN_STYLE = Automatic;
				DEVELOPMENT_TEAM = SAM3W8FL97;
				INFOPLIST_FILE = FindFalconeTests/Info.plist;
				IPHONEOS_DEPLOYMENT_TARGET = 13.2;
				LD_RUNPATH_SEARCH_PATHS = (
					"$(inherited)",
					"@executable_path/Frameworks",
					"@loader_path/Frameworks",
				);
				PRODUCT_BUNDLE_IDENTIFIER = sample.FindFalconeTests;
				PRODUCT_NAME = "$(TARGET_NAME)";
				SWIFT_VERSION = 5.0;
				TARGETED_DEVICE_FAMILY = "1,2";
				TEST_HOST = "$(BUILT_PRODUCTS_DIR)/FindFalcone.app/FindFalcone";
			};
			name = Debug;
		};
		91F888DA246E96A200D603D7 /* Release */ = {
			isa = XCBuildConfiguration;
			baseConfigurationReference = E9E1636268DE4390F6E2B165 /* Pods-FindFalcone-FindFalconeTests.release.xcconfig */;
			buildSettings = {
				ALWAYS_EMBED_SWIFT_STANDARD_LIBRARIES = YES;
				BUNDLE_LOADER = "$(TEST_HOST)";
				CODE_SIGN_STYLE = Automatic;
				DEVELOPMENT_TEAM = SAM3W8FL97;
				INFOPLIST_FILE = FindFalconeTests/Info.plist;
				IPHONEOS_DEPLOYMENT_TARGET = 13.2;
				LD_RUNPATH_SEARCH_PATHS = (
					"$(inherited)",
					"@executable_path/Frameworks",
					"@loader_path/Frameworks",
				);
				PRODUCT_BUNDLE_IDENTIFIER = sample.FindFalconeTests;
				PRODUCT_NAME = "$(TARGET_NAME)";
				SWIFT_VERSION = 5.0;
				TARGETED_DEVICE_FAMILY = "1,2";
				TEST_HOST = "$(BUILT_PRODUCTS_DIR)/FindFalcone.app/FindFalcone";
			};
			name = Release;
		};
/* End XCBuildConfiguration section */

/* Begin XCConfigurationList section */
		91F888B1246E96A100D603D7 /* Build configuration list for PBXProject "FindFalcone" */ = {
			isa = XCConfigurationList;
			buildConfigurations = (
				91F888D3246E96A200D603D7 /* Debug */,
				91F888D4246E96A200D603D7 /* Release */,
			);
			defaultConfigurationIsVisible = 0;
			defaultConfigurationName = Release;
		};
		91F888D5246E96A200D603D7 /* Build configuration list for PBXNativeTarget "FindFalcone" */ = {
			isa = XCConfigurationList;
			buildConfigurations = (
				91F888D6246E96A200D603D7 /* Debug */,
				91F888D7246E96A200D603D7 /* Release */,
			);
			defaultConfigurationIsVisible = 0;
			defaultConfigurationName = Release;
		};
		91F888D8246E96A200D603D7 /* Build configuration list for PBXNativeTarget "FindFalconeTests" */ = {
			isa = XCConfigurationList;
			buildConfigurations = (
				91F888D9246E96A200D603D7 /* Debug */,
				91F888DA246E96A200D603D7 /* Release */,
			);
			defaultConfigurationIsVisible = 0;
			defaultConfigurationName = Release;
		};
/* End XCConfigurationList section */
	};
	rootObject = 91F888AE246E96A100D603D7 /* Project object */;
}
